# This file is automatically @generated by Cargo.
# It is not intended for manual editing.
version = 4

[[package]]
name = "cgp"
version = "0.4.0"
source = "registry+https://github.com/rust-lang/crates.io-index"
checksum = "d3d555a86484a22b3233de8248b980a482d8f92190e4823061a5d41250b74537"
dependencies = [
 "cgp-async",
 "cgp-core",
 "cgp-extra",
]

[[package]]
name = "cgp-async"
version = "0.4.0"
source = "registry+https://github.com/rust-lang/crates.io-index"
checksum = "5eb185d91812fb0cf811ef592279010c817462c0c722562b09e987bef800e432"
dependencies = [
 "cgp-async-macro",
 "cgp-sync",
]

[[package]]
name = "cgp-async-macro"
version = "0.4.0"
source = "registry+https://github.com/rust-lang/crates.io-index"
checksum = "0620dfb16be4b6087562ba9b38f67a67ab7a848cde2eb32241f3f606afe3560a"
dependencies = [
 "proc-macro2",
 "quote",
 "syn",
]

[[package]]
name = "cgp-component"
version = "0.4.0"
source = "registry+https://github.com/rust-lang/crates.io-index"
checksum = "674d048a0c12498626259d710899dad116d47a90498259209c9f7d412ce254b4"

[[package]]
name = "cgp-core"
version = "0.4.0"
source = "registry+https://github.com/rust-lang/crates.io-index"
checksum = "3cf2a22653dca218ae625f611223a5e0b27f54285f6d075fc7d7a96a942dfd64"
dependencies = [
 "cgp-async",
 "cgp-component",
 "cgp-error",
 "cgp-field",
 "cgp-macro",
 "cgp-type",
]

[[package]]
name = "cgp-error"
version = "0.4.0"
source = "registry+https://github.com/rust-lang/crates.io-index"
checksum = "e754473b5da401e55bede80efda8b6da07b78acac87c284a492a350156d6e6a1"
dependencies = [
 "cgp-async",
 "cgp-component",
 "cgp-macro",
 "cgp-type",
]

[[package]]
name = "cgp-error-extra"
version = "0.4.0"
source = "registry+https://github.com/rust-lang/crates.io-index"
checksum = "d19650e17295e4a1aec5b2d3bd35cee8a98f1dc138715d46fbfe50eeaeab5ff4"
dependencies = [
 "cgp-core",
]

[[package]]
name = "cgp-extra"
version = "0.4.0"
source = "registry+https://github.com/rust-lang/crates.io-index"
checksum = "21fa7c3e40fdb7d1b21331e33b38262504449146e23b370f1533c80ea3ecaf52"
dependencies = [
 "cgp-error-extra",
 "cgp-inner",
 "cgp-run",
 "cgp-runtime",
]

[[package]]
name = "cgp-field"
version = "0.4.0"
source = "registry+https://github.com/rust-lang/crates.io-index"
checksum = "7f585da1ae8aa7182cce2474329a324df18b75bea738113295ba8048af8bee9f"
dependencies = [
 "cgp-component",
 "cgp-macro",
 "cgp-type",
]

[[package]]
name = "cgp-inner"
version = "0.4.0"
source = "registry+https://github.com/rust-lang/crates.io-index"
checksum = "d8e9ad8fc246dd919e514a889704aea9a82093f42e7877eed03a2afe964c884b"
dependencies = [
 "cgp-component",
 "cgp-macro",
]

[[package]]
name = "cgp-macro"
version = "0.4.0"
source = "registry+https://github.com/rust-lang/crates.io-index"
checksum = "e4df8aef8d3b32725b6b088bb41b6f96a212f945b9993f78760b79ba038e0194"
dependencies = [
 "cgp-macro-lib",
 "syn",
]

[[package]]
name = "cgp-macro-lib"
version = "0.4.0"
source = "registry+https://github.com/rust-lang/crates.io-index"
checksum = "7bc6d7d6235b0673071150bd45b01818ca8402e0b005936d3d8f14170a0a71e5"
dependencies = [
 "itertools",
 "prettyplease",
 "proc-macro2",
 "quote",
 "syn",
]

[[package]]
name = "cgp-run"
version = "0.4.0"
source = "registry+https://github.com/rust-lang/crates.io-index"
checksum = "309ebfa7a9d0190f82c75b59c59d651c158473f9613289bb26950fbca39278ab"
dependencies = [
 "cgp-async",
 "cgp-component",
 "cgp-error",
 "cgp-macro",
]

[[package]]
name = "cgp-runtime"
version = "0.4.0"
source = "registry+https://github.com/rust-lang/crates.io-index"
checksum = "76183a413398fab9230fd6f7ebf17411bf4e20e787c5b01ca3cb02309ec6873b"
dependencies = [
 "cgp-core",
]

[[package]]
name = "cgp-sync"
version = "0.4.0"
source = "registry+https://github.com/rust-lang/crates.io-index"
checksum = "15a52ca0d8647252e4a07a72a63364ee56353deeaa98926b2f5e7d65ab3c385c"
dependencies = [
 "cgp-async-macro",
]

[[package]]
name = "cgp-type"
version = "0.4.0"
source = "registry+https://github.com/rust-lang/crates.io-index"
checksum = "7aabb2927728ed5b4b4e76ba3e054d9d772af64dd0140d4748aa766f7dbad914"
dependencies = [
 "cgp-component",
 "cgp-macro",
]

[[package]]
name = "cgp-website-examples"
version = "0.1.0"
dependencies = [
 "cgp",
]

[[package]]
name = "either"
version = "1.13.0"
source = "registry+https://github.com/rust-lang/crates.io-index"
checksum = "60b1af1c220855b6ceac025d3f6ecdd2b7c4894bfe9cd9bda4fbb4bc7c0d4cf0"

[[package]]
name = "itertools"
version = "0.14.0"
source = "registry+https://github.com/rust-lang/crates.io-index"
checksum = "2b192c782037fadd9cfa75548310488aabdbf3d2da73885b31bd0abd03351285"
dependencies = [
 "either",
]

[[package]]
name = "prettyplease"
version = "0.2.27"
source = "registry+https://github.com/rust-lang/crates.io-index"
checksum = "483f8c21f64f3ea09fe0f30f5d48c3e8eefe5dac9129f0075f76593b4c1da705"
dependencies = [
 "proc-macro2",
 "syn",
]

[[package]]
name = "proc-macro2"
version = "1.0.92"
source = "registry+https://github.com/rust-lang/crates.io-index"
checksum = "37d3544b3f2748c54e147655edb5025752e2303145b5aefb3c3ea2c78b973bb0"
dependencies = [
 "unicode-ident",
]

[[package]]
name = "quote"
version = "1.0.38"
source = "registry+https://github.com/rust-lang/crates.io-index"
checksum = "0e4dccaaaf89514f546c693ddc140f729f958c247918a13380cccc6078391acc"
dependencies = [
 "proc-macro2",
]

[[package]]
name = "syn"
version = "2.0.95"
source = "registry+https://github.com/rust-lang/crates.io-index"
checksum = "46f71c0377baf4ef1cc3e3402ded576dccc315800fbc62dfc7fe04b009773b4a"
dependencies = [
 "proc-macro2",
 "quote",
 "unicode-ident",
]

[[package]]
name = "unicode-ident"
version = "1.0.14"
source = "registry+https://github.com/rust-lang/crates.io-index"
checksum = "adb9e6ca4f869e1180728b7950e35922a7fc6397f7b641499e8f3ef06e50dc83"
