# This file is automatically @generated by Cargo.
# It is not intended for manual editing.
version = 4

[[package]]
name = "cgp"
version = "0.5.0"
source = "git+https://github.com/contextgeneric/cgp.git?branch=v0.5.0-release#4710c842be969976aef318bc7e5b805f2b415df1"
dependencies = [
 "cgp-core",
 "cgp-extra",
]

[[package]]
name = "cgp-async-macro"
version = "0.5.0"
source = "git+https://github.com/contextgeneric/cgp.git?branch=v0.5.0-release#4710c842be969976aef318bc7e5b805f2b415df1"
dependencies = [
 "proc-macro2",
 "quote",
 "syn",
]

[[package]]
name = "cgp-component"
version = "0.5.0"
source = "git+https://github.com/contextgeneric/cgp.git?branch=v0.5.0-release#4710c842be969976aef318bc7e5b805f2b415df1"

[[package]]
name = "cgp-core"
version = "0.5.0"
source = "git+https://github.com/contextgeneric/cgp.git?branch=v0.5.0-release#4710c842be969976aef318bc7e5b805f2b415df1"
dependencies = [
 "cgp-async-macro",
 "cgp-component",
 "cgp-error",
 "cgp-field",
 "cgp-macro",
 "cgp-type",
]

[[package]]
name = "cgp-dispatch"
version = "0.5.0"
source = "git+https://github.com/contextgeneric/cgp.git?branch=v0.5.0-release#4710c842be969976aef318bc7e5b805f2b415df1"
dependencies = [
 "cgp-core",
 "cgp-handler",
 "cgp-monad",
]

[[package]]
name = "cgp-error"
version = "0.5.0"
source = "git+https://github.com/contextgeneric/cgp.git?branch=v0.5.0-release#4710c842be969976aef318bc7e5b805f2b415df1"
dependencies = [
 "cgp-component",
 "cgp-macro",
 "cgp-type",
]

[[package]]
name = "cgp-error-extra"
version = "0.5.0"
source = "git+https://github.com/contextgeneric/cgp.git?branch=v0.5.0-release#4710c842be969976aef318bc7e5b805f2b415df1"
dependencies = [
 "cgp-core",
]

[[package]]
name = "cgp-extra"
version = "0.5.0"
source = "git+https://github.com/contextgeneric/cgp.git?branch=v0.5.0-release#4710c842be969976aef318bc7e5b805f2b415df1"
dependencies = [
 "cgp-core",
 "cgp-dispatch",
 "cgp-error-extra",
 "cgp-extra-macro",
 "cgp-field-extra",
 "cgp-handler",
 "cgp-monad",
 "cgp-run",
 "cgp-runtime",
]

[[package]]
name = "cgp-extra-macro"
version = "0.5.0"
source = "git+https://github.com/contextgeneric/cgp.git?branch=v0.5.0-release#4710c842be969976aef318bc7e5b805f2b415df1"
dependencies = [
 "cgp-extra-macro-lib",
 "syn",
]

[[package]]
name = "cgp-extra-macro-lib"
version = "0.5.0"
source = "git+https://github.com/contextgeneric/cgp.git?branch=v0.5.0-release#4710c842be969976aef318bc7e5b805f2b415df1"
dependencies = [
 "proc-macro2",
 "quote",
 "syn",
]

[[package]]
name = "cgp-field"
version = "0.5.0"
source = "git+https://github.com/contextgeneric/cgp.git?branch=v0.5.0-release#4710c842be969976aef318bc7e5b805f2b415df1"
dependencies = [
 "cgp-component",
 "cgp-type",
]

[[package]]
name = "cgp-field-extra"
version = "0.5.0"
source = "git+https://github.com/contextgeneric/cgp.git?branch=v0.5.0-release#4710c842be969976aef318bc7e5b805f2b415df1"
dependencies = [
 "cgp-field",
]

[[package]]
name = "cgp-handler"
version = "0.5.0"
source = "git+https://github.com/contextgeneric/cgp.git?branch=v0.5.0-release#4710c842be969976aef318bc7e5b805f2b415df1"
dependencies = [
 "cgp-core",
]

[[package]]
name = "cgp-macro"
version = "0.5.0"
source = "git+https://github.com/contextgeneric/cgp.git?branch=v0.5.0-release#4710c842be969976aef318bc7e5b805f2b415df1"
dependencies = [
 "cgp-macro-lib",
 "syn",
]

[[package]]
name = "cgp-macro-lib"
version = "0.5.0"
source = "git+https://github.com/contextgeneric/cgp.git?branch=v0.5.0-release#4710c842be969976aef318bc7e5b805f2b415df1"
dependencies = [
 "itertools",
 "prettyplease",
 "proc-macro2",
 "quote",
 "syn",
]

[[package]]
name = "cgp-monad"
version = "0.5.0"
source = "git+https://github.com/contextgeneric/cgp.git?branch=v0.5.0-release#4710c842be969976aef318bc7e5b805f2b415df1"
dependencies = [
 "cgp-core",
 "cgp-handler",
]

[[package]]
name = "cgp-run"
version = "0.5.0"
source = "git+https://github.com/contextgeneric/cgp.git?branch=v0.5.0-release#4710c842be969976aef318bc7e5b805f2b415df1"
dependencies = [
 "cgp-core",
]

[[package]]
name = "cgp-runtime"
version = "0.5.0"
source = "git+https://github.com/contextgeneric/cgp.git?branch=v0.5.0-release#4710c842be969976aef318bc7e5b805f2b415df1"
dependencies = [
 "cgp-core",
]

[[package]]
name = "cgp-type"
version = "0.5.0"
source = "git+https://github.com/contextgeneric/cgp.git?branch=v0.5.0-release#4710c842be969976aef318bc7e5b805f2b415df1"
dependencies = [
 "cgp-component",
 "cgp-macro",
]

[[package]]
name = "cgp-website-examples"
version = "0.1.0"
dependencies = [
 "cgp",
]

[[package]]
name = "either"
version = "1.13.0"
source = "registry+https://github.com/rust-lang/crates.io-index"
checksum = "60b1af1c220855b6ceac025d3f6ecdd2b7c4894bfe9cd9bda4fbb4bc7c0d4cf0"

[[package]]
name = "itertools"
version = "0.14.0"
source = "registry+https://github.com/rust-lang/crates.io-index"
checksum = "2b192c782037fadd9cfa75548310488aabdbf3d2da73885b31bd0abd03351285"
dependencies = [
 "either",
]

[[package]]
name = "prettyplease"
version = "0.2.27"
source = "registry+https://github.com/rust-lang/crates.io-index"
checksum = "483f8c21f64f3ea09fe0f30f5d48c3e8eefe5dac9129f0075f76593b4c1da705"
dependencies = [
 "proc-macro2",
 "syn",
]

[[package]]
name = "proc-macro2"
version = "1.0.92"
source = "registry+https://github.com/rust-lang/crates.io-index"
checksum = "37d3544b3f2748c54e147655edb5025752e2303145b5aefb3c3ea2c78b973bb0"
dependencies = [
 "unicode-ident",
]

[[package]]
name = "quote"
version = "1.0.38"
source = "registry+https://github.com/rust-lang/crates.io-index"
checksum = "0e4dccaaaf89514f546c693ddc140f729f958c247918a13380cccc6078391acc"
dependencies = [
 "proc-macro2",
]

[[package]]
name = "syn"
version = "2.0.95"
source = "registry+https://github.com/rust-lang/crates.io-index"
checksum = "46f71c0377baf4ef1cc3e3402ded576dccc315800fbc62dfc7fe04b009773b4a"
dependencies = [
 "proc-macro2",
 "quote",
 "unicode-ident",
]

[[package]]
name = "unicode-ident"
version = "1.0.14"
source = "registry+https://github.com/rust-lang/crates.io-index"
checksum = "adb9e6ca4f869e1180728b7950e35922a7fc6397f7b641499e8f3ef06e50dc83"
